
Microsoft Visual Studio Solution File, Format Version 11.00
# Visual Studio 2010
Project("{2150E333-8FDC-42A3-9474-1A3956D46DE8}") = "Solution Items", "Solution Items", "{D3FF60F0-71F1-423C-AB9E-DADB807BF320}"
	ProjectSection(SolutionItems) = preProject
		go.build = go.build
	EndProjectSection
EndProject
Project("{FAE04EC0-301F-11D3-BF4B-00C04F79EFBC}") = "Restbucks.Quoting", "src\Restbucks.Quoting\Restbucks.Quoting.csproj", "{9F34D109-B46D-442E-AC5A-1923388A6551}"
EndProject
Project("{FAE04EC0-301F-11D3-BF4B-00C04F79EFBC}") = "Restbucks.Quoting.Service", "src\Restbucks.Quoting.Service\Restbucks.Quoting.Service.csproj", "{FF1BC30B-A0F7-435F-B49B-90E788522309}"
EndProject
Project("{FAE04EC0-301F-11D3-BF4B-00C04F79EFBC}") = "Tests.Restbucks", "src\Tests.Restbucks\Tests.Restbucks.csproj", "{3ECC34E3-B60E-4A76-BBD2-09E24435C266}"
EndProject
Project("{FAE04EC0-301F-11D3-BF4B-00C04F79EFBC}") = "Restbucks.Client", "src\Restbucks.Client\Restbucks.Client.csproj", "{6C975D85-C264-4987-A176-7ECCC51235AA}"
EndProject
Project("{FAE04EC0-301F-11D3-BF4B-00C04F79EFBC}") = "Restbucks.Client.ConsoleHost", "src\Restbucks.Client.ConsoleHost\Restbucks.Client.ConsoleHost.csproj", "{A83DC1E3-0E28-4BC0-86C0-862866867928}"
EndProject
Project("{FAE04EC0-301F-11D3-BF4B-00C04F79EFBC}") = "Restbucks.MediaType", "src\Restbucks.MediaType\Restbucks.MediaType.csproj", "{2E73DA2F-07A0-42B8-B73D-029DAB550889}"
EndProject
Project("{FAE04EC0-301F-11D3-BF4B-00C04F79EFBC}") = "Restbucks.RestToolkit", "src\Restbucks.RestToolkit\Restbucks.RestToolkit.csproj", "{849CB5F7-0DA0-4883-94CE-A408582C891B}"
EndProject
Project("{FAE04EC0-301F-11D3-BF4B-00C04F79EFBC}") = "Tests.RestInPractice", "Tests.RestInPractice\Tests.RestInPractice.csproj", "{741AF0EF-79E9-4175-9F46-D3D6ABE2D941}"
EndProject
Global
	GlobalSection(SolutionConfigurationPlatforms) = preSolution
		Debug|Any CPU = Debug|Any CPU
		Debug|Mixed Platforms = Debug|Mixed Platforms
		Debug|x86 = Debug|x86
		Release|Any CPU = Release|Any CPU
		Release|Mixed Platforms = Release|Mixed Platforms
		Release|x86 = Release|x86
	EndGlobalSection
	GlobalSection(ProjectConfigurationPlatforms) = postSolution
		{9F34D109-B46D-442E-AC5A-1923388A6551}.Debug|Any CPU.ActiveCfg = Debug|Any CPU
		{9F34D109-B46D-442E-AC5A-1923388A6551}.Debug|Any CPU.Build.0 = Debug|Any CPU
		{9F34D109-B46D-442E-AC5A-1923388A6551}.Debug|Mixed Platforms.ActiveCfg = Debug|Any CPU
		{9F34D109-B46D-442E-AC5A-1923388A6551}.Debug|Mixed Platforms.Build.0 = Debug|Any CPU
		{9F34D109-B46D-442E-AC5A-1923388A6551}.Debug|x86.ActiveCfg = Debug|Any CPU
		{9F34D109-B46D-442E-AC5A-1923388A6551}.Release|Any CPU.ActiveCfg = Release|Any CPU
		{9F34D109-B46D-442E-AC5A-1923388A6551}.Release|Any CPU.Build.0 = Release|Any CPU
		{9F34D109-B46D-442E-AC5A-1923388A6551}.Release|Mixed Platforms.ActiveCfg = Release|Any CPU
		{9F34D109-B46D-442E-AC5A-1923388A6551}.Release|Mixed Platforms.Build.0 = Release|Any CPU
		{9F34D109-B46D-442E-AC5A-1923388A6551}.Release|x86.ActiveCfg = Release|Any CPU
		{FF1BC30B-A0F7-435F-B49B-90E788522309}.Debug|Any CPU.ActiveCfg = Debug|Any CPU
		{FF1BC30B-A0F7-435F-B49B-90E788522309}.Debug|Any CPU.Build.0 = Debug|Any CPU
		{FF1BC30B-A0F7-435F-B49B-90E788522309}.Debug|Mixed Platforms.ActiveCfg = Debug|Any CPU
		{FF1BC30B-A0F7-435F-B49B-90E788522309}.Debug|Mixed Platforms.Build.0 = Debug|Any CPU
		{FF1BC30B-A0F7-435F-B49B-90E788522309}.Debug|x86.ActiveCfg = Debug|Any CPU
		{FF1BC30B-A0F7-435F-B49B-90E788522309}.Release|Any CPU.ActiveCfg = Release|Any CPU
		{FF1BC30B-A0F7-435F-B49B-90E788522309}.Release|Any CPU.Build.0 = Release|Any CPU
		{FF1BC30B-A0F7-435F-B49B-90E788522309}.Release|Mixed Platforms.ActiveCfg = Release|Any CPU
		{FF1BC30B-A0F7-435F-B49B-90E788522309}.Release|Mixed Platforms.Build.0 = Release|Any CPU
		{FF1BC30B-A0F7-435F-B49B-90E788522309}.Release|x86.ActiveCfg = Release|Any CPU
		{3ECC34E3-B60E-4A76-BBD2-09E24435C266}.Debug|Any CPU.ActiveCfg = Debug|Any CPU
		{3ECC34E3-B60E-4A76-BBD2-09E24435C266}.Debug|Any CPU.Build.0 = Debug|Any CPU
		{3ECC34E3-B60E-4A76-BBD2-09E24435C266}.Debug|Mixed Platforms.ActiveCfg = Debug|Any CPU
		{3ECC34E3-B60E-4A76-BBD2-09E24435C266}.Debug|Mixed Platforms.Build.0 = Debug|Any CPU
		{3ECC34E3-B60E-4A76-BBD2-09E24435C266}.Debug|x86.ActiveCfg = Debug|Any CPU
		{3ECC34E3-B60E-4A76-BBD2-09E24435C266}.Release|Any CPU.ActiveCfg = Release|Any CPU
		{3ECC34E3-B60E-4A76-BBD2-09E24435C266}.Release|Any CPU.Build.0 = Release|Any CPU
		{3ECC34E3-B60E-4A76-BBD2-09E24435C266}.Release|Mixed Platforms.ActiveCfg = Release|Any CPU
		{3ECC34E3-B60E-4A76-BBD2-09E24435C266}.Release|Mixed Platforms.Build.0 = Release|Any CPU
		{3ECC34E3-B60E-4A76-BBD2-09E24435C266}.Release|x86.ActiveCfg = Release|Any CPU
		{6C975D85-C264-4987-A176-7ECCC51235AA}.Debug|Any CPU.ActiveCfg = Debug|Any CPU
		{6C975D85-C264-4987-A176-7ECCC51235AA}.Debug|Any CPU.Build.0 = Debug|Any CPU
		{6C975D85-C264-4987-A176-7ECCC51235AA}.Debug|Mixed Platforms.ActiveCfg = Debug|Any CPU
		{6C975D85-C264-4987-A176-7ECCC51235AA}.Debug|Mixed Platforms.Build.0 = Debug|Any CPU
		{6C975D85-C264-4987-A176-7ECCC51235AA}.Debug|x86.ActiveCfg = Debug|Any CPU
		{6C975D85-C264-4987-A176-7ECCC51235AA}.Release|Any CPU.ActiveCfg = Release|Any CPU
		{6C975D85-C264-4987-A176-7ECCC51235AA}.Release|Any CPU.Build.0 = Release|Any CPU
		{6C975D85-C264-4987-A176-7ECCC51235AA}.Release|Mixed Platforms.ActiveCfg = Release|Any CPU
		{6C975D85-C264-4987-A176-7ECCC51235AA}.Release|Mixed Platforms.Build.0 = Release|Any CPU
		{6C975D85-C264-4987-A176-7ECCC51235AA}.Release|x86.ActiveCfg = Release|Any CPU
		{A83DC1E3-0E28-4BC0-86C0-862866867928}.Debug|Any CPU.ActiveCfg = Debug|x86
		{A83DC1E3-0E28-4BC0-86C0-862866867928}.Debug|Mixed Platforms.ActiveCfg = Debug|x86
		{A83DC1E3-0E28-4BC0-86C0-862866867928}.Debug|Mixed Platforms.Build.0 = Debug|x86
		{A83DC1E3-0E28-4BC0-86C0-862866867928}.Debug|x86.ActiveCfg = Debug|x86
		{A83DC1E3-0E28-4BC0-86C0-862866867928}.Debug|x86.Build.0 = Debug|x86
		{A83DC1E3-0E28-4BC0-86C0-862866867928}.Release|Any CPU.ActiveCfg = Release|x86
		{A83DC1E3-0E28-4BC0-86C0-862866867928}.Release|Mixed Platforms.ActiveCfg = Release|x86
		{A83DC1E3-0E28-4BC0-86C0-862866867928}.Release|Mixed Platforms.Build.0 = Release|x86
		{A83DC1E3-0E28-4BC0-86C0-862866867928}.Release|x86.ActiveCfg = Release|x86
		{A83DC1E3-0E28-4BC0-86C0-862866867928}.Release|x86.Build.0 = Release|x86
		{2E73DA2F-07A0-42B8-B73D-029DAB550889}.Debug|Any CPU.ActiveCfg = Debug|Any CPU
		{2E73DA2F-07A0-42B8-B73D-029DAB550889}.Debug|Any CPU.Build.0 = Debug|Any CPU
		{2E73DA2F-07A0-42B8-B73D-029DAB550889}.Debug|Mixed Platforms.ActiveCfg = Debug|Any CPU
		{2E73DA2F-07A0-42B8-B73D-029DAB550889}.Debug|Mixed Platforms.Build.0 = Debug|Any CPU
		{2E73DA2F-07A0-42B8-B73D-029DAB550889}.Debug|x86.ActiveCfg = Debug|Any CPU
		{2E73DA2F-07A0-42B8-B73D-029DAB550889}.Release|Any CPU.ActiveCfg = Release|Any CPU
		{2E73DA2F-07A0-42B8-B73D-029DAB550889}.Release|Any CPU.Build.0 = Release|Any CPU
		{2E73DA2F-07A0-42B8-B73D-029DAB550889}.Release|Mixed Platforms.ActiveCfg = Release|Any CPU
		{2E73DA2F-07A0-42B8-B73D-029DAB550889}.Release|Mixed Platforms.Build.0 = Release|Any CPU
		{2E73DA2F-07A0-42B8-B73D-029DAB550889}.Release|x86.ActiveCfg = Release|Any CPU
		{849CB5F7-0DA0-4883-94CE-A408582C891B}.Debug|Any CPU.ActiveCfg = Debug|Any CPU
		{849CB5F7-0DA0-4883-94CE-A408582C891B}.Debug|Any CPU.Build.0 = Debug|Any CPU
		{849CB5F7-0DA0-4883-94CE-A408582C891B}.Debug|Mixed Platforms.ActiveCfg = Debug|Any CPU
		{849CB5F7-0DA0-4883-94CE-A408582C891B}.Debug|Mixed Platforms.Build.0 = Debug|Any CPU
		{849CB5F7-0DA0-4883-94CE-A408582C891B}.Debug|x86.ActiveCfg = Debug|Any CPU
		{849CB5F7-0DA0-4883-94CE-A408582C891B}.Release|Any CPU.ActiveCfg = Release|Any CPU
		{849CB5F7-0DA0-4883-94CE-A408582C891B}.Release|Any CPU.Build.0 = Release|Any CPU
		{849CB5F7-0DA0-4883-94CE-A408582C891B}.Release|Mixed Platforms.ActiveCfg = Release|Any CPU
		{849CB5F7-0DA0-4883-94CE-A408582C891B}.Release|Mixed Platforms.Build.0 = Release|Any CPU
		{849CB5F7-0DA0-4883-94CE-A408582C891B}.Release|x86.ActiveCfg = Release|Any CPU
		{741AF0EF-79E9-4175-9F46-D3D6ABE2D941}.Debug|Any CPU.ActiveCfg = Debug|Any CPU
		{741AF0EF-79E9-4175-9F46-D3D6ABE2D941}.Debug|Any CPU.Build.0 = Debug|Any CPU
		{741AF0EF-79E9-4175-9F46-D3D6ABE2D941}.Debug|Mixed Platforms.ActiveCfg = Debug|Any CPU
		{741AF0EF-79E9-4175-9F46-D3D6ABE2D941}.Debug|Mixed Platforms.Build.0 = Debug|Any CPU
		{741AF0EF-79E9-4175-9F46-D3D6ABE2D941}.Debug|x86.ActiveCfg = Debug|Any CPU
		{741AF0EF-79E9-4175-9F46-D3D6ABE2D941}.Release|Any CPU.ActiveCfg = Release|Any CPU
		{741AF0EF-79E9-4175-9F46-D3D6ABE2D941}.Release|Any CPU.Build.0 = Release|Any CPU
		{741AF0EF-79E9-4175-9F46-D3D6ABE2D941}.Release|Mixed Platforms.ActiveCfg = Release|Any CPU
		{741AF0EF-79E9-4175-9F46-D3D6ABE2D941}.Release|Mixed Platforms.Build.0 = Release|Any CPU
		{741AF0EF-79E9-4175-9F46-D3D6ABE2D941}.Release|x86.ActiveCfg = Release|Any CPU
	EndGlobalSection
	GlobalSection(SolutionProperties) = preSolution
		HideSolutionNode = FALSE
	EndGlobalSection
EndGlobal
